// !$*UTF8*$!
{
	archiveVersion = 1;
	classes = {
	};
	objectVersion = 50;
	objects = {

/* Begin PBXBuildFile section */
		920C561E227DCA2700DB2930 /* AppDelegate.swift in Sources */ = {isa = PBXBuildFile; fileRef = 920C561D227DCA2700DB2930 /* AppDelegate.swift */; };
		920C5620227DCA2700DB2930 /* ViewController.swift in Sources */ = {isa = PBXBuildFile; fileRef = 920C561F227DCA2700DB2930 /* ViewController.swift */; };
		920C5623227DCA2700DB2930 /* Main.storyboard in Resources */ = {isa = PBXBuildFile; fileRef = 920C5621227DCA2700DB2930 /* Main.storyboard */; };
		920C5625227DCA2900DB2930 /* Assets.xcassets in Resources */ = {isa = PBXBuildFile; fileRef = 920C5624227DCA2900DB2930 /* Assets.xcassets */; };
		920C5628227DCA2900DB2930 /* LaunchScreen.storyboard in Resources */ = {isa = PBXBuildFile; fileRef = 920C5626227DCA2900DB2930 /* LaunchScreen.storyboard */; };
		920C5633227DCA2900DB2930 /* Music_TestTests.swift in Sources */ = {isa = PBXBuildFile; fileRef = 920C5632227DCA2900DB2930 /* Music_TestTests.swift */; };
		920C5645227DD44600DB2930 /* Network.swift in Sources */ = {isa = PBXBuildFile; fileRef = 920C5644227DD44600DB2930 /* Network.swift */; };
		920C5647227DE4CF00DB2930 /* Network+Response.swift in Sources */ = {isa = PBXBuildFile; fileRef = 920C5646227DE4CF00DB2930 /* Network+Response.swift */; };
		920C5649227E01FA00DB2930 /* User.swift in Sources */ = {isa = PBXBuildFile; fileRef = 920C5648227E01FA00DB2930 /* User.swift */; };
		920C564B227E079D00DB2930 /* AlamofireExecutor.swift in Sources */ = {isa = PBXBuildFile; fileRef = 920C564A227E079D00DB2930 /* AlamofireExecutor.swift */; };
		920C564D227E138600DB2930 /* Network+Endpoint.swift in Sources */ = {isa = PBXBuildFile; fileRef = 920C564C227E138600DB2930 /* Network+Endpoint.swift */; };
		920C5650227E14B800DB2930 /* UserCell.swift in Sources */ = {isa = PBXBuildFile; fileRef = 920C564F227E14B800DB2930 /* UserCell.swift */; };
		920C5654227E1E8900DB2930 /* Track.swift in Sources */ = {isa = PBXBuildFile; fileRef = 920C5653227E1E8900DB2930 /* Track.swift */; };
		920C5656227E219000DB2930 /* TrackTableViewController.swift in Sources */ = {isa = PBXBuildFile; fileRef = 920C5655227E219000DB2930 /* TrackTableViewController.swift */; };
		920C5658227E21D900DB2930 /* TrackCell.swift in Sources */ = {isa = PBXBuildFile; fileRef = 920C5657227E21D900DB2930 /* TrackCell.swift */; };
		920C565A227F381B00DB2930 /* UITableView+EmptyMessage.swift in Sources */ = {isa = PBXBuildFile; fileRef = 920C5659227F381B00DB2930 /* UITableView+EmptyMessage.swift */; };
		920C565C227F3B4A00DB2930 /* UIViewController+ErrorPresentation.swift in Sources */ = {isa = PBXBuildFile; fileRef = 920C565B227F3B4A00DB2930 /* UIViewController+ErrorPresentation.swift */; };
		920C565E227F419B00DB2930 /* ErrorHandler.swift in Sources */ = {isa = PBXBuildFile; fileRef = 920C565D227F419B00DB2930 /* ErrorHandler.swift */; };
		920C5661227F44B100DB2930 /* CountdownController.swift in Sources */ = {isa = PBXBuildFile; fileRef = 920C5660227F44B100DB2930 /* CountdownController.swift */; };
		920C5664227F509600DB2930 /* Support.swift in Sources */ = {isa = PBXBuildFile; fileRef = 920C5663227F509600DB2930 /* Support.swift */; };
		920C5667227F529A00DB2930 /* TableView+AnimatedReload.swift in Sources */ = {isa = PBXBuildFile; fileRef = 920C5666227F529A00DB2930 /* TableView+AnimatedReload.swift */; };
		C7A3939ADD43064D9D55130D /* Pods_Music_Test.framework in Frameworks */ = {isa = PBXBuildFile; fileRef = B60BFF1E2AB11DF3A5547367 /* Pods_Music_Test.framework */; };
		E11932490AA5A5EB800D7047 /* Pods_Music_TestTests.framework in Frameworks */ = {isa = PBXBuildFile; fileRef = 399085F34874BFB865A44FCB /* Pods_Music_TestTests.framework */; };
/* End PBXBuildFile section */

/* Begin PBXContainerItemProxy section */
		920C562F227DCA2900DB2930 /* PBXContainerItemProxy */ = {
			isa = PBXContainerItemProxy;
			containerPortal = 920C5612227DCA2700DB2930 /* Project object */;
			proxyType = 1;
			remoteGlobalIDString = 920C5619227DCA2700DB2930;
			remoteInfo = "Music-Test";
		};
/* End PBXContainerItemProxy section */

/* Begin PBXFileReference section */
		0233B3C1518EA24DF8DAC491 /* Pods-Music-TestTests.release.xcconfig */ = {isa = PBXFileReference; includeInIndex = 1; lastKnownFileType = text.xcconfig; name = "Pods-Music-TestTests.release.xcconfig"; path = "Pods/Target Support Files/Pods-Music-TestTests/Pods-Music-TestTests.release.xcconfig"; sourceTree = "<group>"; };
		1714C6D31B0C3E844440B5EF /* Pods-Music-TestTests.debug.xcconfig */ = {isa = PBXFileReference; includeInIndex = 1; lastKnownFileType = text.xcconfig; name = "Pods-Music-TestTests.debug.xcconfig"; path = "Pods/Target Support Files/Pods-Music-TestTests/Pods-Music-TestTests.debug.xcconfig"; sourceTree = "<group>"; };
		399085F34874BFB865A44FCB /* Pods_Music_TestTests.framework */ = {isa = PBXFileReference; explicitFileType = wrapper.framework; includeInIndex = 0; path = Pods_Music_TestTests.framework; sourceTree = BUILT_PRODUCTS_DIR; };
		3A1297C957FCF6A8971CD6A2 /* Pods-Music-Test.debug.xcconfig */ = {isa = PBXFileReference; includeInIndex = 1; lastKnownFileType = text.xcconfig; name = "Pods-Music-Test.debug.xcconfig"; path = "Pods/Target Support Files/Pods-Music-Test/Pods-Music-Test.debug.xcconfig"; sourceTree = "<group>"; };
		448ECD1731239EBB229DD21E /* Pods-Music-Test.release.xcconfig */ = {isa = PBXFileReference; includeInIndex = 1; lastKnownFileType = text.xcconfig; name = "Pods-Music-Test.release.xcconfig"; path = "Pods/Target Support Files/Pods-Music-Test/Pods-Music-Test.release.xcconfig"; sourceTree = "<group>"; };
		920C561A227DCA2700DB2930 /* Music-Test.app */ = {isa = PBXFileReference; explicitFileType = wrapper.application; includeInIndex = 0; path = "Music-Test.app"; sourceTree = BUILT_PRODUCTS_DIR; };
		920C561D227DCA2700DB2930 /* AppDelegate.swift */ = {isa = PBXFileReference; lastKnownFileType = sourcecode.swift; path = AppDelegate.swift; sourceTree = "<group>"; };
		920C561F227DCA2700DB2930 /* ViewController.swift */ = {isa = PBXFileReference; lastKnownFileType = sourcecode.swift; path = ViewController.swift; sourceTree = "<group>"; };
		920C5622227DCA2700DB2930 /* Base */ = {isa = PBXFileReference; lastKnownFileType = file.storyboard; name = Base; path = Base.lproj/Main.storyboard; sourceTree = "<group>"; };
		920C5624227DCA2900DB2930 /* Assets.xcassets */ = {isa = PBXFileReference; lastKnownFileType = folder.assetcatalog; path = Assets.xcassets; sourceTree = "<group>"; };
		920C5627227DCA2900DB2930 /* Base */ = {isa = PBXFileReference; lastKnownFileType = file.storyboard; name = Base; path = Base.lproj/LaunchScreen.storyboard; sourceTree = "<group>"; };
		920C5629227DCA2900DB2930 /* Info.plist */ = {isa = PBXFileReference; lastKnownFileType = text.plist.xml; path = Info.plist; sourceTree = "<group>"; };
		920C562E227DCA2900DB2930 /* Music-TestTests.xctest */ = {isa = PBXFileReference; explicitFileType = wrapper.cfbundle; includeInIndex = 0; path = "Music-TestTests.xctest"; sourceTree = BUILT_PRODUCTS_DIR; };
		920C5632227DCA2900DB2930 /* Music_TestTests.swift */ = {isa = PBXFileReference; lastKnownFileType = sourcecode.swift; path = Music_TestTests.swift; sourceTree = "<group>"; };
		920C5634227DCA2900DB2930 /* Info.plist */ = {isa = PBXFileReference; lastKnownFileType = text.plist.xml; path = Info.plist; sourceTree = "<group>"; };
		920C5644227DD44600DB2930 /* Network.swift */ = {isa = PBXFileReference; lastKnownFileType = sourcecode.swift; path = Network.swift; sourceTree = "<group>"; };
		920C5646227DE4CF00DB2930 /* Network+Response.swift */ = {isa = PBXFileReference; lastKnownFileType = sourcecode.swift; path = "Network+Response.swift"; sourceTree = "<group>"; };
		920C5648227E01FA00DB2930 /* User.swift */ = {isa = PBXFileReference; lastKnownFileType = sourcecode.swift; path = User.swift; sourceTree = "<group>"; };
		920C564A227E079D00DB2930 /* AlamofireExecutor.swift */ = {isa = PBXFileReference; lastKnownFileType = sourcecode.swift; path = AlamofireExecutor.swift; sourceTree = "<group>"; };
		920C564C227E138600DB2930 /* Network+Endpoint.swift */ = {isa = PBXFileReference; lastKnownFileType = sourcecode.swift; path = "Network+Endpoint.swift"; sourceTree = "<group>"; };
		920C564F227E14B800DB2930 /* UserCell.swift */ = {isa = PBXFileReference; lastKnownFileType = sourcecode.swift; path = UserCell.swift; sourceTree = "<group>"; };
		920C5653227E1E8900DB2930 /* Track.swift */ = {isa = PBXFileReference; lastKnownFileType = sourcecode.swift; path = Track.swift; sourceTree = "<group>"; };
		920C5655227E219000DB2930 /* TrackTableViewController.swift */ = {isa = PBXFileReference; lastKnownFileType = sourcecode.swift; path = TrackTableViewController.swift; sourceTree = "<group>"; };
		920C5657227E21D900DB2930 /* TrackCell.swift */ = {isa = PBXFileReference; lastKnownFileType = sourcecode.swift; path = TrackCell.swift; sourceTree = "<group>"; };
		920C5659227F381B00DB2930 /* UITableView+EmptyMessage.swift */ = {isa = PBXFileReference; lastKnownFileType = sourcecode.swift; path = "UITableView+EmptyMessage.swift"; sourceTree = "<group>"; };
		920C565B227F3B4A00DB2930 /* UIViewController+ErrorPresentation.swift */ = {isa = PBXFileReference; lastKnownFileType = sourcecode.swift; path = "UIViewController+ErrorPresentation.swift"; sourceTree = "<group>"; };
		920C565D227F419B00DB2930 /* ErrorHandler.swift */ = {isa = PBXFileReference; lastKnownFileType = sourcecode.swift; path = ErrorHandler.swift; sourceTree = "<group>"; };
		920C5660227F44B100DB2930 /* CountdownController.swift */ = {isa = PBXFileReference; lastKnownFileType = sourcecode.swift; path = CountdownController.swift; sourceTree = "<group>"; };
		920C5663227F509600DB2930 /* Support.swift */ = {isa = PBXFileReference; lastKnownFileType = sourcecode.swift; path = Support.swift; sourceTree = "<group>"; };
		920C5666227F529A00DB2930 /* TableView+AnimatedReload.swift */ = {isa = PBXFileReference; lastKnownFileType = sourcecode.swift; path = "TableView+AnimatedReload.swift"; sourceTree = "<group>"; };
		B60BFF1E2AB11DF3A5547367 /* Pods_Music_Test.framework */ = {isa = PBXFileReference; explicitFileType = wrapper.framework; includeInIndex = 0; path = Pods_Music_Test.framework; sourceTree = BUILT_PRODUCTS_DIR; };
/* End PBXFileReference section */

/* Begin PBXFrameworksBuildPhase section */
		920C5617227DCA2700DB2930 /* Frameworks */ = {
			isa = PBXFrameworksBuildPhase;
			buildActionMask = 2147483647;
			files = (
				C7A3939ADD43064D9D55130D /* Pods_Music_Test.framework in Frameworks */,
			);
			runOnlyForDeploymentPostprocessing = 0;
		};
		920C562B227DCA2900DB2930 /* Frameworks */ = {
			isa = PBXFrameworksBuildPhase;
			buildActionMask = 2147483647;
			files = (
				E11932490AA5A5EB800D7047 /* Pods_Music_TestTests.framework in Frameworks */,
			);
			runOnlyForDeploymentPostprocessing = 0;
		};
/* End PBXFrameworksBuildPhase section */

/* Begin PBXGroup section */
		920C5611227DCA2700DB2930 = {
			isa = PBXGroup;
			children = (
				920C561C227DCA2700DB2930 /* Music-Test */,
				920C5631227DCA2900DB2930 /* Music-TestTests */,
				920C561B227DCA2700DB2930 /* Products */,
				DE981B7FAEB412DD82E8D537 /* Pods */,
				D5FC29EDCFD7D99FDD0774F2 /* Frameworks */,
			);
			sourceTree = "<group>";
		};
		920C561B227DCA2700DB2930 /* Products */ = {
			isa = PBXGroup;
			children = (
				920C561A227DCA2700DB2930 /* Music-Test.app */,
				920C562E227DCA2900DB2930 /* Music-TestTests.xctest */,
			);
			name = Products;
			sourceTree = "<group>";
		};
		920C561C227DCA2700DB2930 /* Music-Test */ = {
			isa = PBXGroup;
			children = (
				920C564E227E14AC00DB2930 /* View */,
				920C5642227DCA7700DB2930 /* Assets */,
				920C5640227DCA5600DB2930 /* Utils */,
				920C563F227DCA4500DB2930 /* Networking */,
				920C563E227DCA3E00DB2930 /* Model */,
				920C563D227DCA3300DB2930 /* app */,
			);
			path = "Music-Test";
			sourceTree = "<group>";
		};
		920C5631227DCA2900DB2930 /* Music-TestTests */ = {
			isa = PBXGroup;
			children = (
				920C5632227DCA2900DB2930 /* Music_TestTests.swift */,
				920C5634227DCA2900DB2930 /* Info.plist */,
			);
			path = "Music-TestTests";
			sourceTree = "<group>";
		};
		920C563D227DCA3300DB2930 /* app */ = {
			isa = PBXGroup;
			children = (
				920C5662227F44B800DB2930 /* Controls */,
				920C5643227DCAA500DB2930 /* ViewController */,
				920C561D227DCA2700DB2930 /* AppDelegate.swift */,
			);
			path = app;
			sourceTree = "<group>";
		};
		920C563E227DCA3E00DB2930 /* Model */ = {
			isa = PBXGroup;
			children = (
				920C5648227E01FA00DB2930 /* User.swift */,
				920C5653227E1E8900DB2930 /* Track.swift */,
			);
			path = Model;
			sourceTree = "<group>";
		};
		920C563F227DCA4500DB2930 /* Networking */ = {
			isa = PBXGroup;
			children = (
				920C5644227DD44600DB2930 /* Network.swift */,
				920C5646227DE4CF00DB2930 /* Network+Response.swift */,
				920C564C227E138600DB2930 /* Network+Endpoint.swift */,
				920C564A227E079D00DB2930 /* AlamofireExecutor.swift */,
			);
			path = Networking;
			sourceTree = "<group>";
		};
		920C5640227DCA5600DB2930 /* Utils */ = {
			isa = PBXGroup;
			children = (
				920C5665227F527700DB2930 /* Extension */,
				920C565D227F419B00DB2930 /* ErrorHandler.swift */,
				920C5663227F509600DB2930 /* Support.swift */,
			);
			path = Utils;
			sourceTree = "<group>";
		};
		920C5642227DCA7700DB2930 /* Assets */ = {
			isa = PBXGroup;
			children = (
				920C5621227DCA2700DB2930 /* Main.storyboard */,
				920C5624227DCA2900DB2930 /* Assets.xcassets */,
				920C5626227DCA2900DB2930 /* LaunchScreen.storyboard */,
				920C5629227DCA2900DB2930 /* Info.plist */,
			);
			path = Assets;
			sourceTree = "<group>";
		};
		920C5643227DCAA500DB2930 /* ViewController */ = {
			isa = PBXGroup;
			children = (
				920C561F227DCA2700DB2930 /* ViewController.swift */,
				920C5655227E219000DB2930 /* TrackTableViewController.swift */,
			);
			path = ViewController;
			sourceTree = "<group>";
		};
		920C564E227E14AC00DB2930 /* View */ = {
			isa = PBXGroup;
			children = (
				920C564F227E14B800DB2930 /* UserCell.swift */,
				920C5657227E21D900DB2930 /* TrackCell.swift */,
			);
			path = View;
			sourceTree = "<group>";
		};
		920C5662227F44B800DB2930 /* Controls */ = {
			isa = PBXGroup;
			children = (
				920C5660227F44B100DB2930 /* CountdownController.swift */,
			);
			path = Controls;
			sourceTree = "<group>";
		};
		920C5665227F527700DB2930 /* Extension */ = {
			isa = PBXGroup;
			children = (
				920C5659227F381B00DB2930 /* UITableView+EmptyMessage.swift */,
				920C565B227F3B4A00DB2930 /* UIViewController+ErrorPresentation.swift */,
				920C5666227F529A00DB2930 /* TableView+AnimatedReload.swift */,
			);
			path = Extension;
			sourceTree = "<group>";
		};
		D5FC29EDCFD7D99FDD0774F2 /* Frameworks */ = {
			isa = PBXGroup;
			children = (
				B60BFF1E2AB11DF3A5547367 /* Pods_Music_Test.framework */,
				399085F34874BFB865A44FCB /* Pods_Music_TestTests.framework */,
			);
			name = Frameworks;
			sourceTree = "<group>";
		};
		DE981B7FAEB412DD82E8D537 /* Pods */ = {
			isa = PBXGroup;
			children = (
				3A1297C957FCF6A8971CD6A2 /* Pods-Music-Test.debug.xcconfig */,
				448ECD1731239EBB229DD21E /* Pods-Music-Test.release.xcconfig */,
				1714C6D31B0C3E844440B5EF /* Pods-Music-TestTests.debug.xcconfig */,
				0233B3C1518EA24DF8DAC491 /* Pods-Music-TestTests.release.xcconfig */,
			);
			name = Pods;
			sourceTree = "<group>";
		};
/* End PBXGroup section */

/* Begin PBXNativeTarget section */
		920C5619227DCA2700DB2930 /* Music-Test */ = {
			isa = PBXNativeTarget;
			buildConfigurationList = 920C5637227DCA2900DB2930 /* Build configuration list for PBXNativeTarget "Music-Test" */;
			buildPhases = (
				123154FC431C12D7FDB340B0 /* [CP] Check Pods Manifest.lock */,
				920C5616227DCA2700DB2930 /* Sources */,
				920C5617227DCA2700DB2930 /* Frameworks */,
				920C5618227DCA2700DB2930 /* Resources */,
				31134F2D1E6721FD4163218B /* [CP] Embed Pods Frameworks */,
			);
			buildRules = (
			);
			dependencies = (
			);
			name = "Music-Test";
			productName = "Music-Test";
			productReference = 920C561A227DCA2700DB2930 /* Music-Test.app */;
			productType = "com.apple.product-type.application";
		};
		920C562D227DCA2900DB2930 /* Music-TestTests */ = {
			isa = PBXNativeTarget;
			buildConfigurationList = 920C563A227DCA2900DB2930 /* Build configuration list for PBXNativeTarget "Music-TestTests" */;
			buildPhases = (
				133C8AB202C5C595A0DF4F96 /* [CP] Check Pods Manifest.lock */,
				920C562A227DCA2900DB2930 /* Sources */,
				920C562B227DCA2900DB2930 /* Frameworks */,
				920C562C227DCA2900DB2930 /* Resources */,
			);
			buildRules = (
			);
			dependencies = (
				920C5630227DCA2900DB2930 /* PBXTargetDependency */,
			);
			name = "Music-TestTests";
			productName = "Music-TestTests";
			productReference = 920C562E227DCA2900DB2930 /* Music-TestTests.xctest */;
			productType = "com.apple.product-type.bundle.unit-test";
		};
/* End PBXNativeTarget section */

/* Begin PBXProject section */
		920C5612227DCA2700DB2930 /* Project object */ = {
			isa = PBXProject;
			attributes = {
				LastSwiftUpdateCheck = 1020;
				LastUpgradeCheck = 1020;
				ORGANIZATIONNAME = "Max Vitruk";
				TargetAttributes = {
					920C5619227DCA2700DB2930 = {
						CreatedOnToolsVersion = 10.2.1;
					};
					920C562D227DCA2900DB2930 = {
						CreatedOnToolsVersion = 10.2.1;
						TestTargetID = 920C5619227DCA2700DB2930;
					};
				};
			};
			buildConfigurationList = 920C5615227DCA2700DB2930 /* Build configuration list for PBXProject "Music-Test" */;
			compatibilityVersion = "Xcode 9.3";
			developmentRegion = en;
			hasScannedForEncodings = 0;
			knownRegions = (
				en,
				Base,
			);
			mainGroup = 920C5611227DCA2700DB2930;
			productRefGroup = 920C561B227DCA2700DB2930 /* Products */;
			projectDirPath = "";
			projectRoot = "";
			targets = (
				920C5619227DCA2700DB2930 /* Music-Test */,
				920C562D227DCA2900DB2930 /* Music-TestTests */,
			);
		};
/* End PBXProject section */

/* Begin PBXResourcesBuildPhase section */
		920C5618227DCA2700DB2930 /* Resources */ = {
			isa = PBXResourcesBuildPhase;
			buildActionMask = 2147483647;
			files = (
				920C5628227DCA2900DB2930 /* LaunchScreen.storyboard in Resources */,
				920C5625227DCA2900DB2930 /* Assets.xcassets in Resources */,
				920C5623227DCA2700DB2930 /* Main.storyboard in Resources */,
			);
			runOnlyForDeploymentPostprocessing = 0;
		};
		920C562C227DCA2900DB2930 /* Resources */ = {
			isa = PBXResourcesBuildPhase;
			buildActionMask = 2147483647;
			files = (
			);
			runOnlyForDeploymentPostprocessing = 0;
		};
/* End PBXResourcesBuildPhase section */

/* Begin PBXShellScriptBuildPhase section */
		123154FC431C12D7FDB340B0 /* [CP] Check Pods Manifest.lock */ = {
			isa = PBXShellScriptBuildPhase;
			buildActionMask = 2147483647;
			files = (
			);
			inputPaths = (
				"${PODS_PODFILE_DIR_PATH}/Podfile.lock",
				"${PODS_ROOT}/Manifest.lock",
			);
			name = "[CP] Check Pods Manifest.lock";
			outputPaths = (
				"$(DERIVED_FILE_DIR)/Pods-Music-Test-checkManifestLockResult.txt",
			);
			runOnlyForDeploymentPostprocessing = 0;
			shellPath = /bin/sh;
			shellScript = "diff \"${PODS_PODFILE_DIR_PATH}/Podfile.lock\" \"${PODS_ROOT}/Manifest.lock\" > /dev/null\nif [ $? != 0 ] ; then\n    # print error to STDERR\n    echo \"error: The sandbox is not in sync with the Podfile.lock. Run 'pod install' or update your CocoaPods installation.\" >&2\n    exit 1\nfi\n# This output is used by Xcode 'outputs' to avoid re-running this script phase.\necho \"SUCCESS\" > \"${SCRIPT_OUTPUT_FILE_0}\"\n";
			showEnvVarsInLog = 0;
		};
		133C8AB202C5C595A0DF4F96 /* [CP] Check Pods Manifest.lock */ = {
			isa = PBXShellScriptBuildPhase;
			buildActionMask = 2147483647;
			files = (
			);
			inputPaths = (
				"${PODS_PODFILE_DIR_PATH}/Podfile.lock",
				"${PODS_ROOT}/Manifest.lock",
			);
			name = "[CP] Check Pods Manifest.lock";
			outputPaths = (
				"$(DERIVED_FILE_DIR)/Pods-Music-TestTests-checkManifestLockResult.txt",
			);
			runOnlyForDeploymentPostprocessing = 0;
			shellPath = /bin/sh;
			shellScript = "diff \"${PODS_PODFILE_DIR_PATH}/Podfile.lock\" \"${PODS_ROOT}/Manifest.lock\" > /dev/null\nif [ $? != 0 ] ; then\n    # print error to STDERR\n    echo \"error: The sandbox is not in sync with the Podfile.lock. Run 'pod install' or update your CocoaPods installation.\" >&2\n    exit 1\nfi\n# This output is used by Xcode 'outputs' to avoid re-running this script phase.\necho \"SUCCESS\" > \"${SCRIPT_OUTPUT_FILE_0}\"\n";
			showEnvVarsInLog = 0;
		};
		31134F2D1E6721FD4163218B /* [CP] Embed Pods Frameworks */ = {
			isa = PBXShellScriptBuildPhase;
			buildActionMask = 2147483647;
			files = (
			);
			inputPaths = (
				"${SRCROOT}/Pods/Target Support Files/Pods-Music-Test/Pods-Music-Test-frameworks.sh",
				"${BUILT_PRODUCTS_DIR}/Alamofire/Alamofire.framework",
			);
			name = "[CP] Embed Pods Frameworks";
			outputPaths = (
				"${TARGET_BUILD_DIR}/${FRAMEWORKS_FOLDER_PATH}/Alamofire.framework",
			);
			runOnlyForDeploymentPostprocessing = 0;
			shellPath = /bin/sh;
			shellScript = "\"${SRCROOT}/Pods/Target Support Files/Pods-Music-Test/Pods-Music-Test-frameworks.sh\"\n";
			showEnvVarsInLog = 0;
		};
/* End PBXShellScriptBuildPhase section */

/* Begin PBXSourcesBuildPhase section */
		920C5616227DCA2700DB2930 /* Sources */ = {
			isa = PBXSourcesBuildPhase;
			buildActionMask = 2147483647;
			files = (
				920C5650227E14B800DB2930 /* UserCell.swift in Sources */,
				920C565E227F419B00DB2930 /* ErrorHandler.swift in Sources */,
				920C565A227F381B00DB2930 /* UITableView+EmptyMessage.swift in Sources */,
				920C565C227F3B4A00DB2930 /* UIViewController+ErrorPresentation.swift in Sources */,
				920C5661227F44B100DB2930 /* CountdownController.swift in Sources */,
				920C5664227F509600DB2930 /* Support.swift in Sources */,
				920C564D227E138600DB2930 /* Network+Endpoint.swift in Sources */,
				920C5620227DCA2700DB2930 /* ViewController.swift in Sources */,
				920C5647227DE4CF00DB2930 /* Network+Response.swift in Sources */,
				920C561E227DCA2700DB2930 /* AppDelegate.swift in Sources */,
				920C5658227E21D900DB2930 /* TrackCell.swift in Sources */,
				920C5654227E1E8900DB2930 /* Track.swift in Sources */,
				920C5667227F529A00DB2930 /* TableView+AnimatedReload.swift in Sources */,
				920C564B227E079D00DB2930 /* AlamofireExecutor.swift in Sources */,
				920C5656227E219000DB2930 /* TrackTableViewController.swift in Sources */,
				920C5649227E01FA00DB2930 /* User.swift in Sources */,
				920C5645227DD44600DB2930 /* Network.swift in Sources */,
			);
			runOnlyForDeploymentPostprocessing = 0;
		};
		920C562A227DCA2900DB2930 /* Sources */ = {
			isa = PBXSourcesBuildPhase;
			buildActionMask = 2147483647;
			files = (
				920C5633227DCA2900DB2930 /* Music_TestTests.swift in Sources */,
			);
			runOnlyForDeploymentPostprocessing = 0;
		};
/* End PBXSourcesBuildPhase section */

/* Begin PBXTargetDependency section */
		920C5630227DCA2900DB2930 /* PBXTargetDependency */ = {
			isa = PBXTargetDependency;
			target = 920C5619227DCA2700DB2930 /* Music-Test */;
			targetProxy = 920C562F227DCA2900DB2930 /* PBXContainerItemProxy */;
		};
/* End PBXTargetDependency section */

/* Begin PBXVariantGroup section */
		920C5621227DCA2700DB2930 /* Main.storyboard */ = {
			isa = PBXVariantGroup;
			children = (
				920C5622227DCA2700DB2930 /* Base */,
			);
			name = Main.storyboard;
			sourceTree = "<group>";
		};
		920C5626227DCA2900DB2930 /* LaunchScreen.storyboard */ = {
			isa = PBXVariantGroup;
			children = (
				920C5627227DCA2900DB2930 /* Base */,
			);
			name = LaunchScreen.storyboard;
			sourceTree = "<group>";
		};
/* End PBXVariantGroup section */

/* Begin XCBuildConfiguration section */
		920C5635227DCA2900DB2930 /* Debug */ = {
			isa = XCBuildConfiguration;
			buildSettings = {
				ALWAYS_SEARCH_USER_PATHS = NO;
				CLANG_ANALYZER_NONNULL = YES;
				CLANG_ANALYZER_NUMBER_OBJECT_CONVERSION = YES_AGGRESSIVE;
				CLANG_CXX_LANGUAGE_STANDARD = "gnu++14";
				CLANG_CXX_LIBRARY = "libc++";
				CLANG_ENABLE_MODULES = YES;
				CLANG_ENABLE_OBJC_ARC = YES;
				CLANG_ENABLE_OBJC_WEAK = YES;
				CLANG_WARN_BLOCK_CAPTURE_AUTORELEASING = YES;
				CLANG_WARN_BOOL_CONVERSION = YES;
				CLANG_WARN_COMMA = YES;
				CLANG_WARN_CONSTANT_CONVERSION = YES;
				CLANG_WARN_DEPRECATED_OBJC_IMPLEMENTATIONS = YES;
				CLANG_WARN_DIRECT_OBJC_ISA_USAGE = YES_ERROR;
				CLANG_WARN_DOCUMENTATION_COMMENTS = YES;
				CLANG_WARN_EMPTY_BODY = YES;
				CLANG_WARN_ENUM_CONVERSION = YES;
				CLANG_WARN_INFINITE_RECURSION = YES;
				CLANG_WARN_INT_CONVERSION = YES;
				CLANG_WARN_NON_LITERAL_NULL_CONVERSION = YES;
				CLANG_WARN_OBJC_IMPLICIT_RETAIN_SELF = YES;
				CLANG_WARN_OBJC_LITERAL_CONVERSION = YES;
				CLANG_WARN_OBJC_ROOT_CLASS = YES_ERROR;
				CLANG_WARN_RANGE_LOOP_ANALYSIS = YES;
				CLANG_WARN_STRICT_PROTOTYPES = YES;
				CLANG_WARN_SUSPICIOUS_MOVE = YES;
				CLANG_WARN_UNGUARDED_AVAILABILITY = YES_AGGRESSIVE;
				CLANG_WARN_UNREACHABLE_CODE = YES;
				CLANG_WARN__DUPLICATE_METHOD_MATCH = YES;
				CODE_SIGN_IDENTITY = "iPhone Developer";
				COPY_PHASE_STRIP = NO;
				DEBUG_INFORMATION_FORMAT = dwarf;
				ENABLE_STRICT_OBJC_MSGSEND = YES;
				ENABLE_TESTABILITY = YES;
				GCC_C_LANGUAGE_STANDARD = gnu11;
				GCC_DYNAMIC_NO_PIC = NO;
				GCC_NO_COMMON_BLOCKS = YES;
				GCC_OPTIMIZATION_LEVEL = 0;
				GCC_PREPROCESSOR_DEFINITIONS = (
					"DEBUG=1",
					"$(inherited)",
				);
				GCC_WARN_64_TO_32_BIT_CONVERSION = YES;
				GCC_WARN_ABOUT_RETURN_TYPE = YES_ERROR;
				GCC_WARN_UNDECLARED_SELECTOR = YES;
				GCC_WARN_UNINITIALIZED_AUTOS = YES_AGGRESSIVE;
				GCC_WARN_UNUSED_FUNCTION = YES;
				GCC_WARN_UNUSED_VARIABLE = YES;
				IPHONEOS_DEPLOYMENT_TARGET = 12.2;
				MTL_ENABLE_DEBUG_INFO = INCLUDE_SOURCE;
				MTL_FAST_MATH = YES;
				ONLY_ACTIVE_ARCH = YES;
				SDKROOT = iphoneos;
				SWIFT_ACTIVE_COMPILATION_CONDITIONS = DEBUG;
				SWIFT_OPTIMIZATION_LEVEL = "-Onone";
			};
			name = Debug;
		};
		920C5636227DCA2900DB2930 /* Release */ = {
			isa = XCBuildConfiguration;
			buildSettings = {
				ALWAYS_SEARCH_USER_PATHS = NO;
				CLANG_ANALYZER_NONNULL = YES;
				CLANG_ANALYZER_NUMBER_OBJECT_CONVERSION = YES_AGGRESSIVE;
				CLANG_CXX_LANGUAGE_STANDARD = "gnu++14";
				CLANG_CXX_LIBRARY = "libc++";
				CLANG_ENABLE_MODULES = YES;
				CLANG_ENABLE_OBJC_ARC = YES;
				CLANG_ENABLE_OBJC_WEAK = YES;
				CLANG_WARN_BLOCK_CAPTURE_AUTORELEASING = YES;
				CLANG_WARN_BOOL_CONVERSION = YES;
				CLANG_WARN_COMMA = YES;
				CLANG_WARN_CONSTANT_CONVERSION = YES;
				CLANG_WARN_DEPRECATED_OBJC_IMPLEMENTATIONS = YES;
				CLANG_WARN_DIRECT_OBJC_ISA_USAGE = YES_ERROR;
				CLANG_WARN_DOCUMENTATION_COMMENTS = YES;
				CLANG_WARN_EMPTY_BODY = YES;
				CLANG_WARN_ENUM_CONVERSION = YES;
				CLANG_WARN_INFINITE_RECURSION = YES;
				CLANG_WARN_INT_CONVERSION = YES;
				CLANG_WARN_NON_LITERAL_NULL_CONVERSION = YES;
				CLANG_WARN_OBJC_IMPLICIT_RETAIN_SELF = YES;
				CLANG_WARN_OBJC_LITERAL_CONVERSION = YES;
				CLANG_WARN_OBJC_ROOT_CLASS = YES_ERROR;
				CLANG_WARN_RANGE_LOOP_ANALYSIS = YES;
				CLANG_WARN_STRICT_PROTOTYPES = YES;
				CLANG_WARN_SUSPICIOUS_MOVE = YES;
				CLANG_WARN_UNGUARDED_AVAILABILITY = YES_AGGRESSIVE;
				CLANG_WARN_UNREACHABLE_CODE = YES;
				CLANG_WARN__DUPLICATE_METHOD_MATCH = YES;
				CODE_SIGN_IDENTITY = "iPhone Developer";
				COPY_PHASE_STRIP = NO;
				DEBUG_INFORMATION_FORMAT = "dwarf-with-dsym";
				ENABLE_NS_ASSERTIONS = NO;
				ENABLE_STRICT_OBJC_MSGSEND = YES;
				GCC_C_LANGUAGE_STANDARD = gnu11;
				GCC_NO_COMMON_BLOCKS = YES;
				GCC_WARN_64_TO_32_BIT_CONVERSION = YES;
				GCC_WARN_ABOUT_RETURN_TYPE = YES_ERROR;
				GCC_WARN_UNDECLARED_SELECTOR = YES;
				GCC_WARN_UNINITIALIZED_AUTOS = YES_AGGRESSIVE;
				GCC_WARN_UNUSED_FUNCTION = YES;
				GCC_WARN_UNUSED_VARIABLE = YES;
				IPHONEOS_DEPLOYMENT_TARGET = 12.2;
				MTL_ENABLE_DEBUG_INFO = NO;
				MTL_FAST_MATH = YES;
				SDKROOT = iphoneos;
				SWIFT_COMPILATION_MODE = wholemodule;
				SWIFT_OPTIMIZATION_LEVEL = "-O";
				VALIDATE_PRODUCT = YES;
			};
			name = Release;
		};
		920C5638227DCA2900DB2930 /* Debug */ = {
			isa = XCBuildConfiguration;
			baseConfigurationReference = 3A1297C957FCF6A8971CD6A2 /* Pods-Music-Test.debug.xcconfig */;
			buildSettings = {
				ASSETCATALOG_COMPILER_APPICON_NAME = AppIcon;
				CODE_SIGN_IDENTITY = "iPhone Developer";
				CODE_SIGN_STYLE = Automatic;
				DEVELOPMENT_TEAM = "";
				INFOPLIST_FILE = "$(SRCROOT)/Music-Test/Assets/Info.plist";
				LD_RUNPATH_SEARCH_PATHS = (
					"$(inherited)",
					"@executable_path/Frameworks",
				);
				PRODUCT_BUNDLE_IDENTIFIER = "com.maxvitruk.Music-Test";
				PRODUCT_NAME = "$(TARGET_NAME)";
				PROVISIONING_PROFILE_SPECIFIER = "";
				SWIFT_VERSION = 5.0;
				TARGETED_DEVICE_FAMILY = "1,2";
			};
			name = Debug;
		};
		920C5639227DCA2900DB2930 /* Release */ = {
			isa = XCBuildConfiguration;
			baseConfigurationReference = 448ECD1731239EBB229DD21E /* Pods-Music-Test.release.xcconfig */;
			buildSettings = {
				ASSETCATALOG_COMPILER_APPICON_NAME = AppIcon;
				CODE_SIGN_IDENTITY = "iPhone Developer";
				CODE_SIGN_STYLE = Automatic;
				DEVELOPMENT_TEAM = "";
				INFOPLIST_FILE = "$(SRCROOT)/Music-Test/Assets/Info.plist";
				LD_RUNPATH_SEARCH_PATHS = (
					"$(inherited)",
					"@executable_path/Frameworks",
				);
				PRODUCT_BUNDLE_IDENTIFIER = "com.maxvitruk.Music-Test";
				PRODUCT_NAME = "$(TARGET_NAME)";
				PROVISIONING_PROFILE_SPECIFIER = "";
				SWIFT_VERSION = 5.0;
				TARGETED_DEVICE_FAMILY = "1,2";
			};
			name = Release;
		};
		920C563B227DCA2900DB2930 /* Debug */ = {
			isa = XCBuildConfiguration;
			baseConfigurationReference = 1714C6D31B0C3E844440B5EF /* Pods-Music-TestTests.debug.xcconfig */;
			buildSettings = {
				ALWAYS_EMBED_SWIFT_STANDARD_LIBRARIES = YES;
				BUNDLE_LOADER = "$(TEST_HOST)";
				CODE_SIGN_STYLE = Automatic;
				INFOPLIST_FILE = "Music-TestTests/Info.plist";
				LD_RUNPATH_SEARCH_PATHS = (
					"$(inherited)",
					"@executable_path/Frameworks",
					"@loader_path/Frameworks",
				);
				PRODUCT_BUNDLE_IDENTIFIER = "com.maxvitruk.Music-TestTests";
				PRODUCT_NAME = "$(TARGET_NAME)";
				SWIFT_VERSION = 5.0;
				TARGETED_DEVICE_FAMILY = "1,2";
				TEST_HOST = "$(BUILT_PRODUCTS_DIR)/Music-Test.app/Music-Test";
			};
			name = Debug;
		};
		920C563C227DCA2900DB2930 /* Release */ = {
			isa = XCBuildConfiguration;
			baseConfigurationReference = 0233B3C1518EA24DF8DAC491 /* Pods-Music-TestTests.release.xcconfig */;
			buildSettings = {
				ALWAYS_EMBED_SWIFT_STANDARD_LIBRARIES = YES;
				BUNDLE_LOADER = "$(TEST_HOST)";
				CODE_SIGN_STYLE = Automatic;
				INFOPLIST_FILE = "Music-TestTests/Info.plist";
				LD_RUNPATH_SEARCH_PATHS = (
					"$(inherited)",
					"@executable_path/Frameworks",
					"@loader_path/Frameworks",
				);
				PRODUCT_BUNDLE_IDENTIFIER = "com.maxvitruk.Music-TestTests";
				PRODUCT_NAME = "$(TARGET_NAME)";
				SWIFT_VERSION = 5.0;
				TARGETED_DEVICE_FAMILY = "1,2";
				TEST_HOST = "$(BUILT_PRODUCTS_DIR)/Music-Test.app/Music-Test";
			};
			name = Release;
		};
/* End XCBuildConfiguration section */

/* Begin XCConfigurationList section */
		920C5615227DCA2700DB2930 /* Build configuration list for PBXProject "Music-Test" */ = {
			isa = XCConfigurationList;
			buildConfigurations = (
				920C5635227DCA2900DB2930 /* Debug */,
				920C5636227DCA2900DB2930 /* Release */,
			);
			defaultConfigurationIsVisible = 0;
			defaultConfigurationName = Release;
		};
		920C5637227DCA2900DB2930 /* Build configuration list for PBXNativeTarget "Music-Test" */ = {
			isa = XCConfigurationList;
			buildConfigurations = (
				920C5638227DCA2900DB2930 /* Debug */,
				920C5639227DCA2900DB2930 /* Release */,
			);
			defaultConfigurationIsVisible = 0;
			defaultConfigurationName = Release;
		};
		920C563A227DCA2900DB2930 /* Build configuration list for PBXNativeTarget "Music-TestTests" */ = {
			isa = XCConfigurationList;
			buildConfigurations = (
				920C563B227DCA2900DB2930 /* Debug */,
				920C563C227DCA2900DB2930 /* Release */,
			);
			defaultConfigurationIsVisible = 0;
			defaultConfigurationName = Release;
		};
/* End XCConfigurationList section */
	};
	rootObject = 920C5612227DCA2700DB2930 /* Project object */;
}
